
Microsoft Visual Studio Solution File, Format Version 12.00
# Visual Studio 14
VisualStudioVersion = 14.0.25420.1
MinimumVisualStudioVersion = 10.0.40219.1
Project("{F184B08F-C81C-45F6-A57F-5ABD9991F28F}") = "Rename Circulars", "Rename Circulars.vbproj", "{306632F7-4DF7-4774-8481-C460951E3425}"
EndProject
Project("{F184B08F-C81C-45F6-A57F-5ABD9991F28F}") = "basedb", "..\..\..\ASP\user\basedb\basedb.vbproj", "{AC0EA82B-F6DD-499B-B8D4-C3F87C034074}"
EndProject
Global
	GlobalSection(SolutionConfigurationPlatforms) = preSolution
		Debug|Any CPU = Debug|Any CPU
		Release|Any CPU = Release|Any CPU
	EndGlobalSection
	GlobalSection(ProjectConfigurationPlatforms) = postSolution
		{306632F7-4DF7-4774-8481-C460951E3425}.Debug|Any CPU.ActiveCfg = Debug|Any CPU
		{306632F7-4DF7-4774-8481-C460951E3425}.Debug|Any CPU.Build.0 = Debug|Any CPU
		{306632F7-4DF7-4774-8481-C460951E3425}.Release|Any CPU.ActiveCfg = Release|Any CPU
		{306632F7-4DF7-4774-8481-C460951E3425}.Release|Any CPU.Build.0 = Release|Any CPU
		{AC0EA82B-F6DD-499B-B8D4-C3F87C034074}.Debug|Any CPU.ActiveCfg = Debug|Any CPU
		{AC0EA82B-F6DD-499B-B8D4-C3F87C034074}.Debug|Any CPU.Build.0 = Debug|Any CPU
		{AC0EA82B-F6DD-499B-B8D4-C3F87C034074}.Release|Any CPU.ActiveCfg = Release|Any CPU
		{AC0EA82B-F6DD-499B-B8D4-C3F87C034074}.Release|Any CPU.Build.0 = Release|Any CPU
	EndGlobalSection
	GlobalSection(SolutionProperties) = preSolution
		HideSolutionNode = FALSE
	EndGlobalSection
EndGlobal
